// !$*UTF8*$!
{
	archiveVersion = 1;
	classes = {
	};
	objectVersion = 48;
	objects = {

/* Begin PBXBuildFile section */
		81903DB82058057900E9BB4E /* ChtarLoader.swift in Sources */ = {isa = PBXBuildFile; fileRef = 81903DB72058057900E9BB4E /* ChtarLoader.swift */; };
		81903DBA20580A4C00E9BB4E /* Loader.gif in Resources */ = {isa = PBXBuildFile; fileRef = 81903DB92058085700E9BB4E /* Loader.gif */; };
		81BB087B20554A2800ADCB29 /* AppDelegate.swift in Sources */ = {isa = PBXBuildFile; fileRef = 81BB087A20554A2800ADCB29 /* AppDelegate.swift */; };
		81BB087D20554A2800ADCB29 /* ViewController.swift in Sources */ = {isa = PBXBuildFile; fileRef = 81BB087C20554A2800ADCB29 /* ViewController.swift */; };
		81BB088020554A2800ADCB29 /* Main.storyboard in Resources */ = {isa = PBXBuildFile; fileRef = 81BB087E20554A2800ADCB29 /* Main.storyboard */; };
		81BB088220554A2800ADCB29 /* Assets.xcassets in Resources */ = {isa = PBXBuildFile; fileRef = 81BB088120554A2800ADCB29 /* Assets.xcassets */; };
		81BB088520554A2800ADCB29 /* LaunchScreen.storyboard in Resources */ = {isa = PBXBuildFile; fileRef = 81BB088320554A2800ADCB29 /* LaunchScreen.storyboard */; };
		81BB088D20554AE100ADCB29 /* ChtarNetwork.swift in Sources */ = {isa = PBXBuildFile; fileRef = 81BB088C20554AE100ADCB29 /* ChtarNetwork.swift */; };
		81BB08902055553000ADCB29 /* placeholder.png in Resources */ = {isa = PBXBuildFile; fileRef = 81BB088F205554E500ADCB29 /* placeholder.png */; };
		81BB0892205558C200ADCB29 /* ChtarSupport.swift in Sources */ = {isa = PBXBuildFile; fileRef = 81BB0891205558C200ADCB29 /* ChtarSupport.swift */; };
/* End PBXBuildFile section */

/* Begin PBXFileReference section */
		81903DB72058057900E9BB4E /* ChtarLoader.swift */ = {isa = PBXFileReference; lastKnownFileType = sourcecode.swift; path = ChtarLoader.swift; sourceTree = "<group>"; };
		81903DB92058085700E9BB4E /* Loader.gif */ = {isa = PBXFileReference; lastKnownFileType = image.gif; path = Loader.gif; sourceTree = "<group>"; };
		81BB087720554A2800ADCB29 /* ChtarNetwork.app */ = {isa = PBXFileReference; explicitFileType = wrapper.application; includeInIndex = 0; path = ChtarNetwork.app; sourceTree = BUILT_PRODUCTS_DIR; };
		81BB087A20554A2800ADCB29 /* AppDelegate.swift */ = {isa = PBXFileReference; lastKnownFileType = sourcecode.swift; path = AppDelegate.swift; sourceTree = "<group>"; };
		81BB087C20554A2800ADCB29 /* ViewController.swift */ = {isa = PBXFileReference; lastKnownFileType = sourcecode.swift; path = ViewController.swift; sourceTree = "<group>"; };
		81BB087F20554A2800ADCB29 /* Base */ = {isa = PBXFileReference; lastKnownFileType = file.storyboard; name = Base; path = Base.lproj/Main.storyboard; sourceTree = "<group>"; };
		81BB088120554A2800ADCB29 /* Assets.xcassets */ = {isa = PBXFileReference; lastKnownFileType = folder.assetcatalog; path = Assets.xcassets; sourceTree = "<group>"; };
		81BB088420554A2800ADCB29 /* Base */ = {isa = PBXFileReference; lastKnownFileType = file.storyboard; name = Base; path = Base.lproj/LaunchScreen.storyboard; sourceTree = "<group>"; };
		81BB088620554A2800ADCB29 /* Info.plist */ = {isa = PBXFileReference; lastKnownFileType = text.plist.xml; path = Info.plist; sourceTree = "<group>"; };
		81BB088C20554AE100ADCB29 /* ChtarNetwork.swift */ = {isa = PBXFileReference; lastKnownFileType = sourcecode.swift; path = ChtarNetwork.swift; sourceTree = "<group>"; };
		81BB088F205554E500ADCB29 /* placeholder.png */ = {isa = PBXFileReference; lastKnownFileType = image.png; path = placeholder.png; sourceTree = "<group>"; };
		81BB0891205558C200ADCB29 /* ChtarSupport.swift */ = {isa = PBXFileReference; lastKnownFileType = sourcecode.swift; path = ChtarSupport.swift; sourceTree = "<group>"; };
/* End PBXFileReference section */

/* Begin PBXFrameworksBuildPhase section */
		81BB087420554A2800ADCB29 /* Frameworks */ = {
			isa = PBXFrameworksBuildPhase;
			buildActionMask = 2147483647;
			files = (
			);
			runOnlyForDeploymentPostprocessing = 0;
		};
/* End PBXFrameworksBuildPhase section */

/* Begin PBXGroup section */
		81903DB62058055000E9BB4E /* loader option */ = {
			isa = PBXGroup;
			children = (
				81903DB92058085700E9BB4E /* Loader.gif */,
				81903DB72058057900E9BB4E /* ChtarLoader.swift */,
			);
			path = "loader option";
			sourceTree = "<group>";
		};
		81BB086E20554A2700ADCB29 = {
			isa = PBXGroup;
			children = (
				81BB088F205554E500ADCB29 /* placeholder.png */,
				81BB087920554A2800ADCB29 /* ChtarNetwork */,
				81BB087820554A2800ADCB29 /* Products */,
			);
			sourceTree = "<group>";
		};
		81BB087820554A2800ADCB29 /* Products */ = {
			isa = PBXGroup;
			children = (
				81BB087720554A2800ADCB29 /* ChtarNetwork.app */,
			);
			name = Products;
			sourceTree = "<group>";
		};
		81BB087920554A2800ADCB29 /* ChtarNetwork */ = {
			isa = PBXGroup;
			children = (
				81BB088E2055540400ADCB29 /* library files */,
				81BB087A20554A2800ADCB29 /* AppDelegate.swift */,
				81BB087C20554A2800ADCB29 /* ViewController.swift */,
				81BB087E20554A2800ADCB29 /* Main.storyboard */,
				81BB088120554A2800ADCB29 /* Assets.xcassets */,
				81BB088320554A2800ADCB29 /* LaunchScreen.storyboard */,
				81BB088620554A2800ADCB29 /* Info.plist */,
			);
			path = ChtarNetwork;
			sourceTree = "<group>";
		};
		81BB088E2055540400ADCB29 /* library files */ = {
			isa = PBXGroup;
			children = (
				81903DB62058055000E9BB4E /* loader option */,
				81BB088C20554AE100ADCB29 /* ChtarNetwork.swift */,
				81BB0891205558C200ADCB29 /* ChtarSupport.swift */,
			);
			path = "library files";
			sourceTree = "<group>";
		};
/* End PBXGroup section */

/* Begin PBXNativeTarget section */
		81BB087620554A2800ADCB29 /* ChtarNetwork */ = {
			isa = PBXNativeTarget;
			buildConfigurationList = 81BB088920554A2800ADCB29 /* Build configuration list for PBXNativeTarget "ChtarNetwork" */;
			buildPhases = (
				81BB087320554A2800ADCB29 /* Sources */,
				81BB087420554A2800ADCB29 /* Frameworks */,
				81BB087520554A2800ADCB29 /* Resources */,
			);
			buildRules = (
			);
			dependencies = (
			);
			name = ChtarNetwork;
			productName = ChtarNetwork;
			productReference = 81BB087720554A2800ADCB29 /* ChtarNetwork.app */;
			productType = "com.apple.product-type.application";
		};
/* End PBXNativeTarget section */

/* Begin PBXProject section */
		81BB086F20554A2700ADCB29 /* Project object */ = {
			isa = PBXProject;
			attributes = {
				LastSwiftUpdateCheck = 0900;
				LastUpgradeCheck = 0900;
				ORGANIZATIONNAME = "Ragaie alfy";
				TargetAttributes = {
					81BB087620554A2800ADCB29 = {
						CreatedOnToolsVersion = 9.0;
						ProvisioningStyle = Automatic;
					};
				};
			};
			buildConfigurationList = 81BB087220554A2700ADCB29 /* Build configuration list for PBXProject "ChtarNetwork" */;
			compatibilityVersion = "Xcode 8.0";
			developmentRegion = en;
			hasScannedForEncodings = 0;
			knownRegions = (
				en,
				Base,
			);
			mainGroup = 81BB086E20554A2700ADCB29;
			productRefGroup = 81BB087820554A2800ADCB29 /* Products */;
			projectDirPath = "";
			projectRoot = "";
			targets = (
				81BB087620554A2800ADCB29 /* ChtarNetwork */,
			);
		};
/* End PBXProject section */

/* Begin PBXResourcesBuildPhase section */
		81BB087520554A2800ADCB29 /* Resources */ = {
			isa = PBXResourcesBuildPhase;
			buildActionMask = 2147483647;
			files = (
				81BB088520554A2800ADCB29 /* LaunchScreen.storyboard in Resources */,
				81903DBA20580A4C00E9BB4E /* Loader.gif in Resources */,
				81BB08902055553000ADCB29 /* placeholder.png in Resources */,
				81BB088220554A2800ADCB29 /* Assets.xcassets in Resources */,
				81BB088020554A2800ADCB29 /* Main.storyboard in Resources */,
			);
			runOnlyForDeploymentPostprocessing = 0;
		};
/* End PBXResourcesBuildPhase section */

/* Begin PBXSourcesBuildPhase section */
		81BB087320554A2800ADCB29 /* Sources */ = {
			isa = PBXSourcesBuildPhase;
			buildActionMask = 2147483647;
			files = (
				81903DB82058057900E9BB4E /* ChtarLoader.swift in Sources */,
				81BB0892205558C200ADCB29 /* ChtarSupport.swift in Sources */,
				81BB088D20554AE100ADCB29 /* ChtarNetwork.swift in Sources */,
				81BB087D20554A2800ADCB29 /* ViewController.swift in Sources */,
				81BB087B20554A2800ADCB29 /* AppDelegate.swift in Sources */,
			);
			runOnlyForDeploymentPostprocessing = 0;
		};
/* End PBXSourcesBuildPhase section */

/* Begin PBXVariantGroup section */
		81BB087E20554A2800ADCB29 /* Main.storyboard */ = {
			isa = PBXVariantGroup;
			children = (
				81BB087F20554A2800ADCB29 /* Base */,
			);
			name = Main.storyboard;
			sourceTree = "<group>";
		};
		81BB088320554A2800ADCB29 /* LaunchScreen.storyboard */ = {
			isa = PBXVariantGroup;
			children = (
				81BB088420554A2800ADCB29 /* Base */,
			);
			name = LaunchScreen.storyboard;
			sourceTree = "<group>";
		};
/* End PBXVariantGroup section */

/* Begin XCBuildConfiguration section */
		81BB088720554A2800ADCB29 /* Debug */ = {
			isa = XCBuildConfiguration;
			buildSettings = {
				ALWAYS_SEARCH_USER_PATHS = NO;
				CLANG_ANALYZER_NONNULL = YES;
				CLANG_ANALYZER_NUMBER_OBJECT_CONVERSION = YES_AGGRESSIVE;
				CLANG_CXX_LANGUAGE_STANDARD = "gnu++14";
				CLANG_CXX_LIBRARY = "libc++";
				CLANG_ENABLE_MODULES = YES;
				CLANG_ENABLE_OBJC_ARC = YES;
				CLANG_WARN_BLOCK_CAPTURE_AUTORELEASING = YES;
				CLANG_WARN_BOOL_CONVERSION = YES;
				CLANG_WARN_COMMA = YES;
				CLANG_WARN_CONSTANT_CONVERSION = YES;
				CLANG_WARN_DIRECT_OBJC_ISA_USAGE = YES_ERROR;
				CLANG_WARN_DOCUMENTATION_COMMENTS = YES;
				CLANG_WARN_EMPTY_BODY = YES;
				CLANG_WARN_ENUM_CONVERSION = YES;
				CLANG_WARN_INFINITE_RECURSION = YES;
				CLANG_WARN_INT_CONVERSION = YES;
				CLANG_WARN_NON_LITERAL_NULL_CONVERSION = YES;
				CLANG_WARN_OBJC_LITERAL_CONVERSION = YES;
				CLANG_WARN_OBJC_ROOT_CLASS = YES_ERROR;
				CLANG_WARN_RANGE_LOOP_ANALYSIS = YES;
				CLANG_WARN_STRICT_PROTOTYPES = YES;
				CLANG_WARN_SUSPICIOUS_MOVE = YES;
				CLANG_WARN_UNGUARDED_AVAILABILITY = YES_AGGRESSIVE;
				CLANG_WARN_UNREACHABLE_CODE = YES;
				CLANG_WARN__DUPLICATE_METHOD_MATCH = YES;
				CODE_SIGN_IDENTITY = "iPhone Developer";
				COPY_PHASE_STRIP = NO;
				DEBUG_INFORMATION_FORMAT = dwarf;
				ENABLE_STRICT_OBJC_MSGSEND = YES;
				ENABLE_TESTABILITY = YES;
				GCC_C_LANGUAGE_STANDARD = gnu11;
				GCC_DYNAMIC_NO_PIC = NO;
				GCC_NO_COMMON_BLOCKS = YES;
				GCC_OPTIMIZATION_LEVEL = 0;
				GCC_PREPROCESSOR_DEFINITIONS = (
					"DEBUG=1",
					"$(inherited)",
				);
				GCC_WARN_64_TO_32_BIT_CONVERSION = YES;
				GCC_WARN_ABOUT_RETURN_TYPE = YES_ERROR;
				GCC_WARN_UNDECLARED_SELECTOR = YES;
				GCC_WARN_UNINITIALIZED_AUTOS = YES_AGGRESSIVE;
				GCC_WARN_UNUSED_FUNCTION = YES;
				GCC_WARN_UNUSED_VARIABLE = YES;
				IPHONEOS_DEPLOYMENT_TARGET = 11.0;
				MTL_ENABLE_DEBUG_INFO = YES;
				ONLY_ACTIVE_ARCH = YES;
				SDKROOT = iphoneos;
				SWIFT_ACTIVE_COMPILATION_CONDITIONS = DEBUG;
				SWIFT_OPTIMIZATION_LEVEL = "-Onone";
			};
			name = Debug;
		};
		81BB088820554A2800ADCB29 /* Release */ = {
			isa = XCBuildConfiguration;
			buildSettings = {
				ALWAYS_SEARCH_USER_PATHS = NO;
				CLANG_ANALYZER_NONNULL = YES;
				CLANG_ANALYZER_NUMBER_OBJECT_CONVERSION = YES_AGGRESSIVE;
				CLANG_CXX_LANGUAGE_STANDARD = "gnu++14";
				CLANG_CXX_LIBRARY = "libc++";
				CLANG_ENABLE_MODULES = YES;
				CLANG_ENABLE_OBJC_ARC = YES;
				CLANG_WARN_BLOCK_CAPTURE_AUTORELEASING = YES;
				CLANG_WARN_BOOL_CONVERSION = YES;
				CLANG_WARN_COMMA = YES;
				CLANG_WARN_CONSTANT_CONVERSION = YES;
				CLANG_WARN_DIRECT_OBJC_ISA_USAGE = YES_ERROR;
				CLANG_WARN_DOCUMENTATION_COMMENTS = YES;
				CLANG_WARN_EMPTY_BODY = YES;
				CLANG_WARN_ENUM_CONVERSION = YES;
				CLANG_WARN_INFINITE_RECURSION = YES;
				CLANG_WARN_INT_CONVERSION = YES;
				CLANG_WARN_NON_LITERAL_NULL_CONVERSION = YES;
				CLANG_WARN_OBJC_LITERAL_CONVERSION = YES;
				CLANG_WARN_OBJC_ROOT_CLASS = YES_ERROR;
				CLANG_WARN_RANGE_LOOP_ANALYSIS = YES;
				CLANG_WARN_STRICT_PROTOTYPES = YES;
				CLANG_WARN_SUSPICIOUS_MOVE = YES;
				CLANG_WARN_UNGUARDED_AVAILABILITY = YES_AGGRESSIVE;
				CLANG_WARN_UNREACHABLE_CODE = YES;
				CLANG_WARN__DUPLICATE_METHOD_MATCH = YES;
				CODE_SIGN_IDENTITY = "iPhone Developer";
				COPY_PHASE_STRIP = NO;
				DEBUG_INFORMATION_FORMAT = "dwarf-with-dsym";
				ENABLE_NS_ASSERTIONS = NO;
				ENABLE_STRICT_OBJC_MSGSEND = YES;
				GCC_C_LANGUAGE_STANDARD = gnu11;
				GCC_NO_COMMON_BLOCKS = YES;
				GCC_WARN_64_TO_32_BIT_CONVERSION = YES;
				GCC_WARN_ABOUT_RETURN_TYPE = YES_ERROR;
				GCC_WARN_UNDECLARED_SELECTOR = YES;
				GCC_WARN_UNINITIALIZED_AUTOS = YES_AGGRESSIVE;
				GCC_WARN_UNUSED_FUNCTION = YES;
				GCC_WARN_UNUSED_VARIABLE = YES;
				IPHONEOS_DEPLOYMENT_TARGET = 11.0;
				MTL_ENABLE_DEBUG_INFO = NO;
				SDKROOT = iphoneos;
				SWIFT_OPTIMIZATION_LEVEL = "-Owholemodule";
				VALIDATE_PRODUCT = YES;
			};
			name = Release;
		};
		81BB088A20554A2800ADCB29 /* Debug */ = {
			isa = XCBuildConfiguration;
			buildSettings = {
				ASSETCATALOG_COMPILER_APPICON_NAME = AppIcon;
				CODE_SIGN_STYLE = Automatic;
				DEVELOPMENT_TEAM = RKVSSJM9UR;
				INFOPLIST_FILE = ChtarNetwork/Info.plist;
				LD_RUNPATH_SEARCH_PATHS = "$(inherited) @executable_path/Frameworks";
				PRODUCT_BUNDLE_IDENTIFIER = Chtar.ChtarNetwork;
				PRODUCT_NAME = "$(TARGET_NAME)";
				SWIFT_VERSION = 4.0;
				TARGETED_DEVICE_FAMILY = "1,2";
			};
			name = Debug;
		};
		81BB088B20554A2800ADCB29 /* Release */ = {
			isa = XCBuildConfiguration;
			buildSettings = {
				ASSETCATALOG_COMPILER_APPICON_NAME = AppIcon;
				CODE_SIGN_STYLE = Automatic;
				DEVELOPMENT_TEAM = RKVSSJM9UR;
				INFOPLIST_FILE = ChtarNetwork/Info.plist;
				LD_RUNPATH_SEARCH_PATHS = "$(inherited) @executable_path/Frameworks";
				PRODUCT_BUNDLE_IDENTIFIER = Chtar.ChtarNetwork;
				PRODUCT_NAME = "$(TARGET_NAME)";
				SWIFT_VERSION = 4.0;
				TARGETED_DEVICE_FAMILY = "1,2";
			};
			name = Release;
		};
/* End XCBuildConfiguration section */

/* Begin XCConfigurationList section */
		81BB087220554A2700ADCB29 /* Build configuration list for PBXProject "ChtarNetwork" */ = {
			isa = XCConfigurationList;
			buildConfigurations = (
				81BB088720554A2800ADCB29 /* Debug */,
				81BB088820554A2800ADCB29 /* Release */,
			);
			defaultConfigurationIsVisible = 0;
			defaultConfigurationName = Release;
		};
		81BB088920554A2800ADCB29 /* Build configuration list for PBXNativeTarget "ChtarNetwork" */ = {
			isa = XCConfigurationList;
			buildConfigurations = (
				81BB088A20554A2800ADCB29 /* Debug */,
				81BB088B20554A2800ADCB29 /* Release */,
			);
			defaultConfigurationIsVisible = 0;
			defaultConfigurationName = Release;
		};
/* End XCConfigurationList section */
	};
	rootObject = 81BB086F20554A2700ADCB29 /* Project object */;
}
